
Microsoft Visual Studio Solution File, Format Version 12.00
# Visual Studio Version 16
VisualStudioVersion = 16.0.32106.194
MinimumVisualStudioVersion = 10.0.40219.1
Project("{FAE04EC0-301F-11D3-BF4B-00C04F79EFBC}") = "EnumUygulama", "EnumUygulama\EnumUygulama.csproj", "{C8B4EF34-50DB-44C6-8871-3BAE8A70AA97}"
EndProject
Global
	GlobalSection(SolutionConfigurationPlatforms) = preSolution
		Debug|Any CPU = Debug|Any CPU
		Release|Any CPU = Release|Any CPU
	EndGlobalSection
	GlobalSection(ProjectConfigurationPlatforms) = postSolution
		{C8B4EF34-50DB-44C6-8871-3BAE8A70AA97}.Debug|Any CPU.ActiveCfg = Debug|Any CPU
		{C8B4EF34-50DB-44C6-8871-3BAE8A70AA97}.Debug|Any CPU.Build.0 = Debug|Any CPU
		{C8B4EF34-50DB-44C6-8871-3BAE8A70AA97}.Release|Any CPU.ActiveCfg = Release|Any CPU
		{C8B4EF34-50DB-44C6-8871-3BAE8A70AA97}.Release|Any CPU.Build.0 = Release|Any CPU
	EndGlobalSection
	GlobalSection(SolutionProperties) = preSolution
		HideSolutionNode = FALSE
	EndGlobalSection
	GlobalSection(ExtensibilityGlobals) = postSolution
		SolutionGuid = {DC3C23BE-8CC9-48E9-8831-B9B419F8766B}
	EndGlobalSection
EndGlobal
